// !$*UTF8*$!
{
	archiveVersion = 1;
	classes = {
	};
	objectVersion = 56;
	objects = {

/* Begin PBXBuildFile section */
		27071FFF2B2B7E71004FDA06 /* Lottie in Frameworks */ = {isa = PBXBuildFile; productRef = 27071FFE2B2B7E71004FDA06 /* Lottie */; };
		270720042B2B80F8004FDA06 /* check.json in Resources */ = {isa = PBXBuildFile; fileRef = 270720032B2B80F8004FDA06 /* check.json */; };
		270720082B2B820F004FDA06 /* cross.json in Resources */ = {isa = PBXBuildFile; fileRef = 270720072B2B820F004FDA06 /* cross.json */; };
		2707200C2B2B8D02004FDA06 /* dizzy.json in Resources */ = {isa = PBXBuildFile; fileRef = 2707200A2B2B8D01004FDA06 /* dizzy.json */; };
		2707200D2B2B8D02004FDA06 /* key.json in Resources */ = {isa = PBXBuildFile; fileRef = 2707200B2B2B8D01004FDA06 /* key.json */; };
		2707200F2B2B9183004FDA06 /* WebView.swift in Sources */ = {isa = PBXBuildFile; fileRef = 2707200E2B2B9183004FDA06 /* WebView.swift */; };
		270C686F2B36683300EF4DA2 /* NotificationService.swift in Sources */ = {isa = PBXBuildFile; fileRef = 270C686E2B36683300EF4DA2 /* NotificationService.swift */; };
		2711F8F52B2CB74C003E9B6F /* URL+Extensions.swift in Sources */ = {isa = PBXBuildFile; fileRef = 2711F8F42B2CB74C003E9B6F /* URL+Extensions.swift */; };
		274AFE0A2B2F40E900FFFC16 /* ImageGridView.swift in Sources */ = {isa = PBXBuildFile; fileRef = 274AFE092B2F40E900FFFC16 /* ImageGridView.swift */; };
		275E935B2B2DFE6900CEF178 /* wallpaper.json in Resources */ = {isa = PBXBuildFile; fileRef = 275E935A2B2DFE6900CEF178 /* wallpaper.json */; };
		275E935F2B2DFFC100CEF178 /* Tips.swift in Sources */ = {isa = PBXBuildFile; fileRef = 275E935E2B2DFFC100CEF178 /* Tips.swift */; };
		275E93612B2E033D00CEF178 /* loading.json in Resources */ = {isa = PBXBuildFile; fileRef = 275E93602B2E033D00CEF178 /* loading.json */; };
		27755BA72B2F7554004A7977 /* WallpaperViewModel.swift in Sources */ = {isa = PBXBuildFile; fileRef = 27755BA62B2F7554004A7977 /* WallpaperViewModel.swift */; };
		27813DE22B30CA2500D56FF5 /* ImageGridViewCell.swift in Sources */ = {isa = PBXBuildFile; fileRef = 27813DE12B30CA2500D56FF5 /* ImageGridViewCell.swift */; };
		279D4B662B2649560082ACD1 /* TestView.swift in Sources */ = {isa = PBXBuildFile; fileRef = 279D4B652B2649560082ACD1 /* TestView.swift */; };
		279D4B682B2770780082ACD1 /* PannableImageView.swift in Sources */ = {isa = PBXBuildFile; fileRef = 279D4B672B2770780082ACD1 /* PannableImageView.swift */; };
		279D4B6B2B2773980082ACD1 /* HomeScreenWallpaperPreview.swift in Sources */ = {isa = PBXBuildFile; fileRef = 279D4B6A2B2773980082ACD1 /* HomeScreenWallpaperPreview.swift */; };
		279D4B6E2B278EF90082ACD1 /* ImageView.swift in Sources */ = {isa = PBXBuildFile; fileRef = 279D4B6D2B278EF90082ACD1 /* ImageView.swift */; };
		279D4B702B2799140082ACD1 /* ImageSaver.swift in Sources */ = {isa = PBXBuildFile; fileRef = 279D4B6F2B2799140082ACD1 /* ImageSaver.swift */; };
		27C66DA42B31E52B00073E63 /* FilterView.swift in Sources */ = {isa = PBXBuildFile; fileRef = 27C66DA32B31E52B00073E63 /* FilterView.swift */; };
		27C66DA62B3349E600073E63 /* UIImage+Extensions.swift in Sources */ = {isa = PBXBuildFile; fileRef = 27C66DA52B3349E600073E63 /* UIImage+Extensions.swift */; };
		27C66DA82B33694200073E63 /* Image+Extensions.swift in Sources */ = {isa = PBXBuildFile; fileRef = 27C66DA72B33694200073E63 /* Image+Extensions.swift */; };
		27D1909B2B12C9F80002F08C /* WallHavenApp.swift in Sources */ = {isa = PBXBuildFile; fileRef = 27D1909A2B12C9F80002F08C /* WallHavenApp.swift */; };
		27D1909D2B12C9F80002F08C /* ContentView.swift in Sources */ = {isa = PBXBuildFile; fileRef = 27D1909C2B12C9F80002F08C /* ContentView.swift */; };
		27D1909F2B12C9F80002F08C /* Item.swift in Sources */ = {isa = PBXBuildFile; fileRef = 27D1909E2B12C9F80002F08C /* Item.swift */; };
		27D190A12B12C9F90002F08C /* Assets.xcassets in Resources */ = {isa = PBXBuildFile; fileRef = 27D190A02B12C9F90002F08C /* Assets.xcassets */; };
		27D190A42B12C9F90002F08C /* Preview Assets.xcassets in Resources */ = {isa = PBXBuildFile; fileRef = 27D190A32B12C9F90002F08C /* Preview Assets.xcassets */; };
		27D190AB2B12CBF50002F08C /* RootView.swift in Sources */ = {isa = PBXBuildFile; fileRef = 27D190AA2B12CBF50002F08C /* RootView.swift */; };
		27D190AF2B12CD8E0002F08C /* SearchView.swift in Sources */ = {isa = PBXBuildFile; fileRef = 27D190AE2B12CD8E0002F08C /* SearchView.swift */; };
		27D190B22B12CDE60002F08C /* HomeView.swift in Sources */ = {isa = PBXBuildFile; fileRef = 27D190B12B12CDE60002F08C /* HomeView.swift */; };
		27D190B42B12D3A90002F08C /* Wallpaper.swift in Sources */ = {isa = PBXBuildFile; fileRef = 27D190B32B12D3A90002F08C /* Wallpaper.swift */; };
		27DF43FF2B1F744100361BBC /* SettingsView.swift in Sources */ = {isa = PBXBuildFile; fileRef = 27DF43FE2B1F744100361BBC /* SettingsView.swift */; };
		27DF44022B1F783700361BBC /* Security.framework in Frameworks */ = {isa = PBXBuildFile; fileRef = 27DF44012B1F783700361BBC /* Security.framework */; settings = {ATTRIBUTES = (Required, ); }; };
		27DF44042B1F787200361BBC /* Constants.swift in Sources */ = {isa = PBXBuildFile; fileRef = 27DF44032B1F787200361BBC /* Constants.swift */; };
		27DF44062B1F7A2400361BBC /* APIKeyView.swift in Sources */ = {isa = PBXBuildFile; fileRef = 27DF44052B1F7A2400361BBC /* APIKeyView.swift */; };
		27DF44092B200E3000361BBC /* KeychainAccess in Frameworks */ = {isa = PBXBuildFile; productRef = 27DF44082B200E3000361BBC /* KeychainAccess */; };
		27E1F5CF2B2935D30067E96A /* KeychainService.swift in Sources */ = {isa = PBXBuildFile; fileRef = 27E1F5CE2B2935D30067E96A /* KeychainService.swift */; };
		27E1F5D12B2935E50067E96A /* APIService.swift in Sources */ = {isa = PBXBuildFile; fileRef = 27E1F5D02B2935E50067E96A /* APIService.swift */; };
		27F7047A2B348CE3003E43ED /* WallHavenTests.swift in Sources */ = {isa = PBXBuildFile; fileRef = 27F704792B348CE3003E43ED /* WallHavenTests.swift */; };
		27F704862B348E64003E43ED /* WidgetKit.framework in Frameworks */ = {isa = PBXBuildFile; fileRef = 27F704852B348E64003E43ED /* WidgetKit.framework */; };
		27F704882B348E64003E43ED /* SwiftUI.framework in Frameworks */ = {isa = PBXBuildFile; fileRef = 27F704872B348E64003E43ED /* SwiftUI.framework */; };
		27F7048B2B348E65003E43ED /* WallHaven_WidgetBundle.swift in Sources */ = {isa = PBXBuildFile; fileRef = 27F7048A2B348E64003E43ED /* WallHaven_WidgetBundle.swift */; };
		27F7048D2B348E65003E43ED /* WallHaven_WidgetLiveActivity.swift in Sources */ = {isa = PBXBuildFile; fileRef = 27F7048C2B348E65003E43ED /* WallHaven_WidgetLiveActivity.swift */; };
		27F7048F2B348E65003E43ED /* WallHaven_Widget.swift in Sources */ = {isa = PBXBuildFile; fileRef = 27F7048E2B348E65003E43ED /* WallHaven_Widget.swift */; };
		27F704912B348E65003E43ED /* AppIntent.swift in Sources */ = {isa = PBXBuildFile; fileRef = 27F704902B348E65003E43ED /* AppIntent.swift */; };
		27F704932B348E66003E43ED /* Assets.xcassets in Resources */ = {isa = PBXBuildFile; fileRef = 27F704922B348E66003E43ED /* Assets.xcassets */; };
		27F704972B348E66003E43ED /* WallHaven WidgetExtension.appex in Embed Foundation Extensions */ = {isa = PBXBuildFile; fileRef = 27F704842B348E64003E43ED /* WallHaven WidgetExtension.appex */; settings = {ATTRIBUTES = (RemoveHeadersOnCopy, ); }; };
		27F7049D2B349085003E43ED /* Provider.swift in Sources */ = {isa = PBXBuildFile; fileRef = 27F7049C2B349085003E43ED /* Provider.swift */; };
		27F7049F2B3490D9003E43ED /* SimpleEntry.swift in Sources */ = {isa = PBXBuildFile; fileRef = 27F7049E2B3490D9003E43ED /* SimpleEntry.swift */; };
		27F704A12B34911F003E43ED /* WidgetView.swift in Sources */ = {isa = PBXBuildFile; fileRef = 27F704A02B34911F003E43ED /* WidgetView.swift */; };
		27F704A22B349C96003E43ED /* APIService.swift in Sources */ = {isa = PBXBuildFile; fileRef = 27E1F5D02B2935E50067E96A /* APIService.swift */; };
		27F704A32B349CB4003E43ED /* Wallpaper.swift in Sources */ = {isa = PBXBuildFile; fileRef = 27D190B32B12D3A90002F08C /* Wallpaper.swift */; };
		27F704A42B349CC1003E43ED /* Constants.swift in Sources */ = {isa = PBXBuildFile; fileRef = 27DF44032B1F787200361BBC /* Constants.swift */; };
		27F704A52B349CD5003E43ED /* URL+Extensions.swift in Sources */ = {isa = PBXBuildFile; fileRef = 2711F8F42B2CB74C003E9B6F /* URL+Extensions.swift */; };
		27F704A72B34A031003E43ED /* LocalImage.swift in Sources */ = {isa = PBXBuildFile; fileRef = 27F704A62B34A031003E43ED /* LocalImage.swift */; };
		27F704A82B34A1C2003E43ED /* LocalImage.swift in Sources */ = {isa = PBXBuildFile; fileRef = 27F704A62B34A031003E43ED /* LocalImage.swift */; };
		27F704AA2B35E9F5003E43ED /* UIImage+Extenstions.swift in Sources */ = {isa = PBXBuildFile; fileRef = 27F704A92B35E9F5003E43ED /* UIImage+Extenstions.swift */; };
		27F704AB2B35EA36003E43ED /* UIImage+Extenstions.swift in Sources */ = {isa = PBXBuildFile; fileRef = 27F704A92B35E9F5003E43ED /* UIImage+Extenstions.swift */; };
		27F704AD2B361667003E43ED /* PreviewViews.swift in Sources */ = {isa = PBXBuildFile; fileRef = 27F704AC2B361667003E43ED /* PreviewViews.swift */; };
/* End PBXBuildFile section */

/* Begin PBXContainerItemProxy section */
		27F7047B2B348CE3003E43ED /* PBXContainerItemProxy */ = {
			isa = PBXContainerItemProxy;
			containerPortal = 27D1908F2B12C9F80002F08C /* Project object */;
			proxyType = 1;
			remoteGlobalIDString = 27D190962B12C9F80002F08C;
			remoteInfo = WallHaven;
		};
		27F704952B348E66003E43ED /* PBXContainerItemProxy */ = {
			isa = PBXContainerItemProxy;
			containerPortal = 27D1908F2B12C9F80002F08C /* Project object */;
			proxyType = 1;
			remoteGlobalIDString = 27F704832B348E64003E43ED;
			remoteInfo = "WallHaven WidgetExtension";
		};
/* End PBXContainerItemProxy section */

/* Begin PBXCopyFilesBuildPhase section */
		27F7049B2B348E66003E43ED /* Embed Foundation Extensions */ = {
			isa = PBXCopyFilesBuildPhase;
			buildActionMask = 2147483647;
			dstPath = "";
			dstSubfolderSpec = 13;
			files = (
				27F704972B348E66003E43ED /* WallHaven WidgetExtension.appex in Embed Foundation Extensions */,
			);
			name = "Embed Foundation Extensions";
			runOnlyForDeploymentPostprocessing = 0;
		};
/* End PBXCopyFilesBuildPhase section */

/* Begin PBXFileReference section */
		270720032B2B80F8004FDA06 /* check.json */ = {isa = PBXFileReference; fileEncoding = 4; lastKnownFileType = text.json; path = check.json; sourceTree = "<group>"; };
		270720072B2B820F004FDA06 /* cross.json */ = {isa = PBXFileReference; fileEncoding = 4; lastKnownFileType = text.json; path = cross.json; sourceTree = "<group>"; };
		2707200A2B2B8D01004FDA06 /* dizzy.json */ = {isa = PBXFileReference; fileEncoding = 4; lastKnownFileType = text.json; path = dizzy.json; sourceTree = "<group>"; };
		2707200B2B2B8D01004FDA06 /* key.json */ = {isa = PBXFileReference; fileEncoding = 4; lastKnownFileType = text.json; path = key.json; sourceTree = "<group>"; };
		2707200E2B2B9183004FDA06 /* WebView.swift */ = {isa = PBXFileReference; lastKnownFileType = sourcecode.swift; path = WebView.swift; sourceTree = "<group>"; };
		270C686E2B36683300EF4DA2 /* NotificationService.swift */ = {isa = PBXFileReference; lastKnownFileType = sourcecode.swift; path = NotificationService.swift; sourceTree = "<group>"; };
		2711F8F42B2CB74C003E9B6F /* URL+Extensions.swift */ = {isa = PBXFileReference; lastKnownFileType = sourcecode.swift; path = "URL+Extensions.swift"; sourceTree = "<group>"; };
		274AFE092B2F40E900FFFC16 /* ImageGridView.swift */ = {isa = PBXFileReference; lastKnownFileType = sourcecode.swift; path = ImageGridView.swift; sourceTree = "<group>"; };
		275E935A2B2DFE6900CEF178 /* wallpaper.json */ = {isa = PBXFileReference; fileEncoding = 4; lastKnownFileType = text.json; path = wallpaper.json; sourceTree = "<group>"; };
		275E935E2B2DFFC100CEF178 /* Tips.swift */ = {isa = PBXFileReference; lastKnownFileType = sourcecode.swift; path = Tips.swift; sourceTree = "<group>"; };
		275E93602B2E033D00CEF178 /* loading.json */ = {isa = PBXFileReference; fileEncoding = 4; lastKnownFileType = text.json; path = loading.json; sourceTree = "<group>"; };
		27755BA62B2F7554004A7977 /* WallpaperViewModel.swift */ = {isa = PBXFileReference; lastKnownFileType = sourcecode.swift; path = WallpaperViewModel.swift; sourceTree = "<group>"; };
		27813DE12B30CA2500D56FF5 /* ImageGridViewCell.swift */ = {isa = PBXFileReference; lastKnownFileType = sourcecode.swift; path = ImageGridViewCell.swift; sourceTree = "<group>"; };
		279D4B652B2649560082ACD1 /* TestView.swift */ = {isa = PBXFileReference; lastKnownFileType = sourcecode.swift; path = TestView.swift; sourceTree = "<group>"; };
		279D4B672B2770780082ACD1 /* PannableImageView.swift */ = {isa = PBXFileReference; lastKnownFileType = sourcecode.swift; path = PannableImageView.swift; sourceTree = "<group>"; };
		279D4B6A2B2773980082ACD1 /* HomeScreenWallpaperPreview.swift */ = {isa = PBXFileReference; lastKnownFileType = sourcecode.swift; path = HomeScreenWallpaperPreview.swift; sourceTree = "<group>"; };
		279D4B6D2B278EF90082ACD1 /* ImageView.swift */ = {isa = PBXFileReference; lastKnownFileType = sourcecode.swift; path = ImageView.swift; sourceTree = "<group>"; };
		279D4B6F2B2799140082ACD1 /* ImageSaver.swift */ = {isa = PBXFileReference; lastKnownFileType = sourcecode.swift; path = ImageSaver.swift; sourceTree = "<group>"; };
		27C66DA32B31E52B00073E63 /* FilterView.swift */ = {isa = PBXFileReference; lastKnownFileType = sourcecode.swift; path = FilterView.swift; sourceTree = "<group>"; };
		27C66DA52B3349E600073E63 /* UIImage+Extensions.swift */ = {isa = PBXFileReference; lastKnownFileType = sourcecode.swift; path = "UIImage+Extensions.swift"; sourceTree = "<group>"; };
		27C66DA72B33694200073E63 /* Image+Extensions.swift */ = {isa = PBXFileReference; lastKnownFileType = sourcecode.swift; path = "Image+Extensions.swift"; sourceTree = "<group>"; };
		27D190972B12C9F80002F08C /* WallHaven.app */ = {isa = PBXFileReference; explicitFileType = wrapper.application; includeInIndex = 0; path = WallHaven.app; sourceTree = BUILT_PRODUCTS_DIR; };
		27D1909A2B12C9F80002F08C /* WallHavenApp.swift */ = {isa = PBXFileReference; lastKnownFileType = sourcecode.swift; path = WallHavenApp.swift; sourceTree = "<group>"; };
		27D1909C2B12C9F80002F08C /* ContentView.swift */ = {isa = PBXFileReference; lastKnownFileType = sourcecode.swift; path = ContentView.swift; sourceTree = "<group>"; };
		27D1909E2B12C9F80002F08C /* Item.swift */ = {isa = PBXFileReference; lastKnownFileType = sourcecode.swift; path = Item.swift; sourceTree = "<group>"; };
		27D190A02B12C9F90002F08C /* Assets.xcassets */ = {isa = PBXFileReference; lastKnownFileType = folder.assetcatalog; path = Assets.xcassets; sourceTree = "<group>"; };
		27D190A32B12C9F90002F08C /* Preview Assets.xcassets */ = {isa = PBXFileReference; lastKnownFileType = folder.assetcatalog; path = "Preview Assets.xcassets"; sourceTree = "<group>"; };
		27D190AA2B12CBF50002F08C /* RootView.swift */ = {isa = PBXFileReference; lastKnownFileType = sourcecode.swift; path = RootView.swift; sourceTree = "<group>"; };
		27D190AE2B12CD8E0002F08C /* SearchView.swift */ = {isa = PBXFileReference; lastKnownFileType = sourcecode.swift; path = SearchView.swift; sourceTree = "<group>"; };
		27D190B12B12CDE60002F08C /* HomeView.swift */ = {isa = PBXFileReference; lastKnownFileType = sourcecode.swift; path = HomeView.swift; sourceTree = "<group>"; };
		27D190B32B12D3A90002F08C /* Wallpaper.swift */ = {isa = PBXFileReference; lastKnownFileType = sourcecode.swift; path = Wallpaper.swift; sourceTree = "<group>"; };
		27DF43FE2B1F744100361BBC /* SettingsView.swift */ = {isa = PBXFileReference; lastKnownFileType = sourcecode.swift; path = SettingsView.swift; sourceTree = "<group>"; };
		27DF44012B1F783700361BBC /* Security.framework */ = {isa = PBXFileReference; lastKnownFileType = wrapper.framework; name = Security.framework; path = System/Library/Frameworks/Security.framework; sourceTree = SDKROOT; };
		27DF44032B1F787200361BBC /* Constants.swift */ = {isa = PBXFileReference; lastKnownFileType = sourcecode.swift; path = Constants.swift; sourceTree = "<group>"; };
		27DF44052B1F7A2400361BBC /* APIKeyView.swift */ = {isa = PBXFileReference; lastKnownFileType = sourcecode.swift; path = APIKeyView.swift; sourceTree = "<group>"; };
		27E1F5CE2B2935D30067E96A /* KeychainService.swift */ = {isa = PBXFileReference; lastKnownFileType = sourcecode.swift; path = KeychainService.swift; sourceTree = "<group>"; };
		27E1F5D02B2935E50067E96A /* APIService.swift */ = {isa = PBXFileReference; lastKnownFileType = sourcecode.swift; path = APIService.swift; sourceTree = "<group>"; };
		27F704772B348CE3003E43ED /* WallHavenTests.xctest */ = {isa = PBXFileReference; explicitFileType = wrapper.cfbundle; includeInIndex = 0; path = WallHavenTests.xctest; sourceTree = BUILT_PRODUCTS_DIR; };
		27F704792B348CE3003E43ED /* WallHavenTests.swift */ = {isa = PBXFileReference; lastKnownFileType = sourcecode.swift; path = WallHavenTests.swift; sourceTree = "<group>"; };
		27F704842B348E64003E43ED /* WallHaven WidgetExtension.appex */ = {isa = PBXFileReference; explicitFileType = "wrapper.app-extension"; includeInIndex = 0; path = "WallHaven WidgetExtension.appex"; sourceTree = BUILT_PRODUCTS_DIR; };
		27F704852B348E64003E43ED /* WidgetKit.framework */ = {isa = PBXFileReference; lastKnownFileType = wrapper.framework; name = WidgetKit.framework; path = System/Library/Frameworks/WidgetKit.framework; sourceTree = SDKROOT; };
		27F704872B348E64003E43ED /* SwiftUI.framework */ = {isa = PBXFileReference; lastKnownFileType = wrapper.framework; name = SwiftUI.framework; path = System/Library/Frameworks/SwiftUI.framework; sourceTree = SDKROOT; };
		27F7048A2B348E64003E43ED /* WallHaven_WidgetBundle.swift */ = {isa = PBXFileReference; lastKnownFileType = sourcecode.swift; path = WallHaven_WidgetBundle.swift; sourceTree = "<group>"; };
		27F7048C2B348E65003E43ED /* WallHaven_WidgetLiveActivity.swift */ = {isa = PBXFileReference; lastKnownFileType = sourcecode.swift; path = WallHaven_WidgetLiveActivity.swift; sourceTree = "<group>"; };
		27F7048E2B348E65003E43ED /* WallHaven_Widget.swift */ = {isa = PBXFileReference; lastKnownFileType = sourcecode.swift; path = WallHaven_Widget.swift; sourceTree = "<group>"; };
		27F704902B348E65003E43ED /* AppIntent.swift */ = {isa = PBXFileReference; lastKnownFileType = sourcecode.swift; path = AppIntent.swift; sourceTree = "<group>"; };
		27F704922B348E66003E43ED /* Assets.xcassets */ = {isa = PBXFileReference; lastKnownFileType = folder.assetcatalog; path = Assets.xcassets; sourceTree = "<group>"; };
		27F704942B348E66003E43ED /* Info.plist */ = {isa = PBXFileReference; lastKnownFileType = text.plist.xml; path = Info.plist; sourceTree = "<group>"; };
		27F7049C2B349085003E43ED /* Provider.swift */ = {isa = PBXFileReference; lastKnownFileType = sourcecode.swift; path = Provider.swift; sourceTree = "<group>"; };
		27F7049E2B3490D9003E43ED /* SimpleEntry.swift */ = {isa = PBXFileReference; lastKnownFileType = sourcecode.swift; path = SimpleEntry.swift; sourceTree = "<group>"; };
		27F704A02B34911F003E43ED /* WidgetView.swift */ = {isa = PBXFileReference; lastKnownFileType = sourcecode.swift; path = WidgetView.swift; sourceTree = "<group>"; };
		27F704A62B34A031003E43ED /* LocalImage.swift */ = {isa = PBXFileReference; lastKnownFileType = sourcecode.swift; path = LocalImage.swift; sourceTree = "<group>"; };
		27F704A92B35E9F5003E43ED /* UIImage+Extenstions.swift */ = {isa = PBXFileReference; lastKnownFileType = sourcecode.swift; path = "UIImage+Extenstions.swift"; sourceTree = "<group>"; };
		27F704AC2B361667003E43ED /* PreviewViews.swift */ = {isa = PBXFileReference; lastKnownFileType = sourcecode.swift; path = PreviewViews.swift; sourceTree = "<group>"; };
/* End PBXFileReference section */

/* Begin PBXFrameworksBuildPhase section */
		27D190942B12C9F80002F08C /* Frameworks */ = {
			isa = PBXFrameworksBuildPhase;
			buildActionMask = 2147483647;
			files = (
				27DF44092B200E3000361BBC /* KeychainAccess in Frameworks */,
				27DF44022B1F783700361BBC /* Security.framework in Frameworks */,
				27071FFF2B2B7E71004FDA06 /* Lottie in Frameworks */,
			);
			runOnlyForDeploymentPostprocessing = 0;
		};
		27F704742B348CE3003E43ED /* Frameworks */ = {
			isa = PBXFrameworksBuildPhase;
			buildActionMask = 2147483647;
			files = (
			);
			runOnlyForDeploymentPostprocessing = 0;
		};
		27F704812B348E64003E43ED /* Frameworks */ = {
			isa = PBXFrameworksBuildPhase;
			buildActionMask = 2147483647;
			files = (
				27F704882B348E64003E43ED /* SwiftUI.framework in Frameworks */,
				27F704862B348E64003E43ED /* WidgetKit.framework in Frameworks */,
			);
			runOnlyForDeploymentPostprocessing = 0;
		};
/* End PBXFrameworksBuildPhase section */

/* Begin PBXGroup section */
		270720002B2B7EDB004FDA06 /* Lottie */ = {
			isa = PBXGroup;
			children = (
				270720092B2B8239004FDA06 /* LottieAnimations */,
			);
			path = Lottie;
			sourceTree = "<group>";
		};
		270720092B2B8239004FDA06 /* LottieAnimations */ = {
			isa = PBXGroup;
			children = (
				275E93602B2E033D00CEF178 /* loading.json */,
				275E935A2B2DFE6900CEF178 /* wallpaper.json */,
				2707200A2B2B8D01004FDA06 /* dizzy.json */,
				2707200B2B2B8D01004FDA06 /* key.json */,
				270720032B2B80F8004FDA06 /* check.json */,
				270720072B2B820F004FDA06 /* cross.json */,
			);
			path = LottieAnimations;
			sourceTree = "<group>";
		};
		2711F8F32B2CB727003E9B6F /* Extensions */ = {
			isa = PBXGroup;
			children = (
				2711F8F42B2CB74C003E9B6F /* URL+Extensions.swift */,
				27C66DA52B3349E600073E63 /* UIImage+Extensions.swift */,
				27C66DA72B33694200073E63 /* Image+Extensions.swift */,
				27F704A92B35E9F5003E43ED /* UIImage+Extenstions.swift */,
			);
			path = Extensions;
			sourceTree = "<group>";
		};
		274AFE072B2F405D00FFFC16 /* Scenes */ = {
			isa = PBXGroup;
			children = (
				27755BA52B2F7547004A7977 /* Common */,
				279D4B6C2B278EE80082ACD1 /* Home */,
				274AFE082B2F40A900FFFC16 /* Search */,
				27DF43FD2B1F742200361BBC /* Settings */,
			);
			path = Scenes;
			sourceTree = "<group>";
		};
		274AFE082B2F40A900FFFC16 /* Search */ = {
			isa = PBXGroup;
			children = (
				27D190AE2B12CD8E0002F08C /* SearchView.swift */,
				27C66DA32B31E52B00073E63 /* FilterView.swift */,
			);
			path = Search;
			sourceTree = "<group>";
		};
		27755BA52B2F7547004A7977 /* Common */ = {
			isa = PBXGroup;
			children = (
				27755BA62B2F7554004A7977 /* WallpaperViewModel.swift */,
			);
			path = Common;
			sourceTree = "<group>";
		};
		279D4B692B27731A0082ACD1 /* Tests */ = {
			isa = PBXGroup;
			children = (
				279D4B652B2649560082ACD1 /* TestView.swift */,
				279D4B672B2770780082ACD1 /* PannableImageView.swift */,
				279D4B6A2B2773980082ACD1 /* HomeScreenWallpaperPreview.swift */,
			);
			path = Tests;
			sourceTree = "<group>";
		};
		279D4B6C2B278EE80082ACD1 /* Home */ = {
			isa = PBXGroup;
			children = (
				27D190B12B12CDE60002F08C /* HomeView.swift */,
				279D4B6D2B278EF90082ACD1 /* ImageView.swift */,
				275E935E2B2DFFC100CEF178 /* Tips.swift */,
				274AFE092B2F40E900FFFC16 /* ImageGridView.swift */,
				27813DE12B30CA2500D56FF5 /* ImageGridViewCell.swift */,
				27F704AC2B361667003E43ED /* PreviewViews.swift */,
			);
			path = Home;
			sourceTree = "<group>";
		};
		27D1908E2B12C9F80002F08C = {
			isa = PBXGroup;
			children = (
				27D190992B12C9F80002F08C /* WallHaven */,
				27F704782B348CE3003E43ED /* WallHavenTests */,
				27F704892B348E64003E43ED /* WallHaven Widget */,
				27D190982B12C9F80002F08C /* Products */,
				27DF44002B1F783700361BBC /* Frameworks */,
			);
			sourceTree = "<group>";
		};
		27D190982B12C9F80002F08C /* Products */ = {
			isa = PBXGroup;
			children = (
				27D190972B12C9F80002F08C /* WallHaven.app */,
				27F704772B348CE3003E43ED /* WallHavenTests.xctest */,
				27F704842B348E64003E43ED /* WallHaven WidgetExtension.appex */,
			);
			name = Products;
			sourceTree = "<group>";
		};
		27D190992B12C9F80002F08C /* WallHaven */ = {
			isa = PBXGroup;
			children = (
				27D1909A2B12C9F80002F08C /* WallHavenApp.swift */,
				27D190AA2B12CBF50002F08C /* RootView.swift */,
				27DF44032B1F787200361BBC /* Constants.swift */,
				274AFE072B2F405D00FFFC16 /* Scenes */,
				2711F8F32B2CB727003E9B6F /* Extensions */,
				270720002B2B7EDB004FDA06 /* Lottie */,
				27E1F5CD2B29356E0067E96A /* Services */,
				27D190B02B12CDA60002F08C /* SwiftDataExample */,
				27D190A02B12C9F90002F08C /* Assets.xcassets */,
				27D190A22B12C9F90002F08C /* Preview Content */,
				279D4B692B27731A0082ACD1 /* Tests */,
			);
			path = WallHaven;
			sourceTree = "<group>";
		};
		27D190A22B12C9F90002F08C /* Preview Content */ = {
			isa = PBXGroup;
			children = (
				27D190A32B12C9F90002F08C /* Preview Assets.xcassets */,
			);
			path = "Preview Content";
			sourceTree = "<group>";
		};
		27D190B02B12CDA60002F08C /* SwiftDataExample */ = {
			isa = PBXGroup;
			children = (
				27D1909C2B12C9F80002F08C /* ContentView.swift */,
				27D1909E2B12C9F80002F08C /* Item.swift */,
			);
			path = SwiftDataExample;
			sourceTree = "<group>";
		};
		27DF43FD2B1F742200361BBC /* Settings */ = {
			isa = PBXGroup;
			children = (
				27DF43FE2B1F744100361BBC /* SettingsView.swift */,
				27DF44052B1F7A2400361BBC /* APIKeyView.swift */,
				2707200E2B2B9183004FDA06 /* WebView.swift */,
			);
			path = Settings;
			sourceTree = "<group>";
		};
		27DF44002B1F783700361BBC /* Frameworks */ = {
			isa = PBXGroup;
			children = (
				27DF44012B1F783700361BBC /* Security.framework */,
				27F704852B348E64003E43ED /* WidgetKit.framework */,
				27F704872B348E64003E43ED /* SwiftUI.framework */,
			);
			name = Frameworks;
			sourceTree = "<group>";
		};
		27E1F5CD2B29356E0067E96A /* Services */ = {
			isa = PBXGroup;
			children = (
				27D190B32B12D3A90002F08C /* Wallpaper.swift */,
				279D4B6F2B2799140082ACD1 /* ImageSaver.swift */,
				27E1F5CE2B2935D30067E96A /* KeychainService.swift */,
				27E1F5D02B2935E50067E96A /* APIService.swift */,
				27F704A62B34A031003E43ED /* LocalImage.swift */,
				270C686E2B36683300EF4DA2 /* NotificationService.swift */,
			);
			path = Services;
			sourceTree = "<group>";
		};
		27F704782B348CE3003E43ED /* WallHavenTests */ = {
			isa = PBXGroup;
			children = (
				27F704792B348CE3003E43ED /* WallHavenTests.swift */,
			);
			path = WallHavenTests;
			sourceTree = "<group>";
		};
		27F704892B348E64003E43ED /* WallHaven Widget */ = {
			isa = PBXGroup;
			children = (
				27F7048A2B348E64003E43ED /* WallHaven_WidgetBundle.swift */,
				27F7048C2B348E65003E43ED /* WallHaven_WidgetLiveActivity.swift */,
				27F7048E2B348E65003E43ED /* WallHaven_Widget.swift */,
				27F704902B348E65003E43ED /* AppIntent.swift */,
				27F7049C2B349085003E43ED /* Provider.swift */,
				27F7049E2B3490D9003E43ED /* SimpleEntry.swift */,
				27F704A02B34911F003E43ED /* WidgetView.swift */,
				27F704922B348E66003E43ED /* Assets.xcassets */,
				27F704942B348E66003E43ED /* Info.plist */,
			);
			path = "WallHaven Widget";
			sourceTree = "<group>";
		};
/* End PBXGroup section */

/* Begin PBXNativeTarget section */
		27D190962B12C9F80002F08C /* WallHaven */ = {
			isa = PBXNativeTarget;
			buildConfigurationList = 27D190A72B12C9F90002F08C /* Build configuration list for PBXNativeTarget "WallHaven" */;
			buildPhases = (
				27D190932B12C9F80002F08C /* Sources */,
				27D190942B12C9F80002F08C /* Frameworks */,
				27D190952B12C9F80002F08C /* Resources */,
				27F7049B2B348E66003E43ED /* Embed Foundation Extensions */,
			);
			buildRules = (
			);
			dependencies = (
				27F704962B348E66003E43ED /* PBXTargetDependency */,
			);
			name = WallHaven;
			packageProductDependencies = (
				27DF44082B200E3000361BBC /* KeychainAccess */,
				27071FFE2B2B7E71004FDA06 /* Lottie */,
			);
			productName = WallHaven;
			productReference = 27D190972B12C9F80002F08C /* WallHaven.app */;
			productType = "com.apple.product-type.application";
		};
		27F704762B348CE3003E43ED /* WallHavenTests */ = {
			isa = PBXNativeTarget;
			buildConfigurationList = 27F7047D2B348CE3003E43ED /* Build configuration list for PBXNativeTarget "WallHavenTests" */;
			buildPhases = (
				27F704732B348CE3003E43ED /* Sources */,
				27F704742B348CE3003E43ED /* Frameworks */,
				27F704752B348CE3003E43ED /* Resources */,
			);
			buildRules = (
			);
			dependencies = (
				27F7047C2B348CE3003E43ED /* PBXTargetDependency */,
			);
			name = WallHavenTests;
			productName = WallHavenTests;
			productReference = 27F704772B348CE3003E43ED /* WallHavenTests.xctest */;
			productType = "com.apple.product-type.bundle.unit-test";
		};
		27F704832B348E64003E43ED /* WallHaven WidgetExtension */ = {
			isa = PBXNativeTarget;
			buildConfigurationList = 27F704982B348E66003E43ED /* Build configuration list for PBXNativeTarget "WallHaven WidgetExtension" */;
			buildPhases = (
				27F704802B348E64003E43ED /* Sources */,
				27F704812B348E64003E43ED /* Frameworks */,
				27F704822B348E64003E43ED /* Resources */,
			);
			buildRules = (
			);
			dependencies = (
			);
			name = "WallHaven WidgetExtension";
			productName = "WallHaven WidgetExtension";
			productReference = 27F704842B348E64003E43ED /* WallHaven WidgetExtension.appex */;
			productType = "com.apple.product-type.app-extension";
		};
/* End PBXNativeTarget section */

/* Begin PBXProject section */
		27D1908F2B12C9F80002F08C /* Project object */ = {
			isa = PBXProject;
			attributes = {
				BuildIndependentTargetsInParallel = 1;
				LastSwiftUpdateCheck = 1510;
				LastUpgradeCheck = 1500;
				TargetAttributes = {
					27D190962B12C9F80002F08C = {
						CreatedOnToolsVersion = 15.0;
					};
					27F704762B348CE3003E43ED = {
						CreatedOnToolsVersion = 15.1;
						TestTargetID = 27D190962B12C9F80002F08C;
					};
					27F704832B348E64003E43ED = {
						CreatedOnToolsVersion = 15.1;
					};
				};
			};
			buildConfigurationList = 27D190922B12C9F80002F08C /* Build configuration list for PBXProject "WallHaven" */;
			compatibilityVersion = "Xcode 14.0";
			developmentRegion = en;
			hasScannedForEncodings = 0;
			knownRegions = (
				en,
				Base,
			);
			mainGroup = 27D1908E2B12C9F80002F08C;
			packageReferences = (
				27DF44072B200E3000361BBC /* XCRemoteSwiftPackageReference "KeychainAccess" */,
				27071FFD2B2B7E71004FDA06 /* XCRemoteSwiftPackageReference "lottie-ios" */,
			);
			productRefGroup = 27D190982B12C9F80002F08C /* Products */;
			projectDirPath = "";
			projectRoot = "";
			targets = (
				27D190962B12C9F80002F08C /* WallHaven */,
				27F704762B348CE3003E43ED /* WallHavenTests */,
				27F704832B348E64003E43ED /* WallHaven WidgetExtension */,
			);
		};
/* End PBXProject section */

/* Begin PBXResourcesBuildPhase section */
		27D190952B12C9F80002F08C /* Resources */ = {
			isa = PBXResourcesBuildPhase;
			buildActionMask = 2147483647;
			files = (
				270720082B2B820F004FDA06 /* cross.json in Resources */,
				27D190A42B12C9F90002F08C /* Preview Assets.xcassets in Resources */,
				275E93612B2E033D00CEF178 /* loading.json in Resources */,
				275E935B2B2DFE6900CEF178 /* wallpaper.json in Resources */,
				2707200C2B2B8D02004FDA06 /* dizzy.json in Resources */,
				27D190A12B12C9F90002F08C /* Assets.xcassets in Resources */,
				270720042B2B80F8004FDA06 /* check.json in Resources */,
				2707200D2B2B8D02004FDA06 /* key.json in Resources */,
			);
			runOnlyForDeploymentPostprocessing = 0;
		};
		27F704752B348CE3003E43ED /* Resources */ = {
			isa = PBXResourcesBuildPhase;
			buildActionMask = 2147483647;
			files = (
			);
			runOnlyForDeploymentPostprocessing = 0;
		};
		27F704822B348E64003E43ED /* Resources */ = {
			isa = PBXResourcesBuildPhase;
			buildActionMask = 2147483647;
			files = (
				27F704932B348E66003E43ED /* Assets.xcassets in Resources */,
			);
			runOnlyForDeploymentPostprocessing = 0;
		};
/* End PBXResourcesBuildPhase section */

/* Begin PBXSourcesBuildPhase section */
		27D190932B12C9F80002F08C /* Sources */ = {
			isa = PBXSourcesBuildPhase;
			buildActionMask = 2147483647;
			files = (
				27E1F5D12B2935E50067E96A /* APIService.swift in Sources */,
				27F704A72B34A031003E43ED /* LocalImage.swift in Sources */,
				275E935F2B2DFFC100CEF178 /* Tips.swift in Sources */,
				279D4B6E2B278EF90082ACD1 /* ImageView.swift in Sources */,
				279D4B662B2649560082ACD1 /* TestView.swift in Sources */,
				27D1909D2B12C9F80002F08C /* ContentView.swift in Sources */,
				279D4B6B2B2773980082ACD1 /* HomeScreenWallpaperPreview.swift in Sources */,
				27D190B22B12CDE60002F08C /* HomeView.swift in Sources */,
				27D190B42B12D3A90002F08C /* Wallpaper.swift in Sources */,
				27C66DA42B31E52B00073E63 /* FilterView.swift in Sources */,
				27DF44042B1F787200361BBC /* Constants.swift in Sources */,
				27DF43FF2B1F744100361BBC /* SettingsView.swift in Sources */,
				27DF44062B1F7A2400361BBC /* APIKeyView.swift in Sources */,
				279D4B682B2770780082ACD1 /* PannableImageView.swift in Sources */,
				27D190AB2B12CBF50002F08C /* RootView.swift in Sources */,
				2707200F2B2B9183004FDA06 /* WebView.swift in Sources */,
				27755BA72B2F7554004A7977 /* WallpaperViewModel.swift in Sources */,
				27D1909F2B12C9F80002F08C /* Item.swift in Sources */,
				27D1909B2B12C9F80002F08C /* WallHavenApp.swift in Sources */,
				27E1F5CF2B2935D30067E96A /* KeychainService.swift in Sources */,
				27F704AA2B35E9F5003E43ED /* UIImage+Extenstions.swift in Sources */,
				27C66DA82B33694200073E63 /* Image+Extensions.swift in Sources */,
				274AFE0A2B2F40E900FFFC16 /* ImageGridView.swift in Sources */,
				2711F8F52B2CB74C003E9B6F /* URL+Extensions.swift in Sources */,
				27D190AF2B12CD8E0002F08C /* SearchView.swift in Sources */,
				27C66DA62B3349E600073E63 /* UIImage+Extensions.swift in Sources */,
				27F704AD2B361667003E43ED /* PreviewViews.swift in Sources */,
				27813DE22B30CA2500D56FF5 /* ImageGridViewCell.swift in Sources */,
				270C686F2B36683300EF4DA2 /* NotificationService.swift in Sources */,
				279D4B702B2799140082ACD1 /* ImageSaver.swift in Sources */,
			);
			runOnlyForDeploymentPostprocessing = 0;
		};
		27F704732B348CE3003E43ED /* Sources */ = {
			isa = PBXSourcesBuildPhase;
			buildActionMask = 2147483647;
			files = (
				27F7047A2B348CE3003E43ED /* WallHavenTests.swift in Sources */,
			);
			runOnlyForDeploymentPostprocessing = 0;
		};
		27F704802B348E64003E43ED /* Sources */ = {
			isa = PBXSourcesBuildPhase;
			buildActionMask = 2147483647;
			files = (
				27F704A52B349CD5003E43ED /* URL+Extensions.swift in Sources */,
				27F704A82B34A1C2003E43ED /* LocalImage.swift in Sources */,
				27F7049F2B3490D9003E43ED /* SimpleEntry.swift in Sources */,
				27F704A32B349CB4003E43ED /* Wallpaper.swift in Sources */,
				27F7048B2B348E65003E43ED /* WallHaven_WidgetBundle.swift in Sources */,
				27F704A12B34911F003E43ED /* WidgetView.swift in Sources */,
				27F704912B348E65003E43ED /* AppIntent.swift in Sources */,
				27F704A42B349CC1003E43ED /* Constants.swift in Sources */,
				27F704AB2B35EA36003E43ED /* UIImage+Extenstions.swift in Sources */,
				27F7048D2B348E65003E43ED /* WallHaven_WidgetLiveActivity.swift in Sources */,
				27F7049D2B349085003E43ED /* Provider.swift in Sources */,
				27F704A22B349C96003E43ED /* APIService.swift in Sources */,
				27F7048F2B348E65003E43ED /* WallHaven_Widget.swift in Sources */,
			);
			runOnlyForDeploymentPostprocessing = 0;
		};
/* End PBXSourcesBuildPhase section */

/* Begin PBXTargetDependency section */
		27F7047C2B348CE3003E43ED /* PBXTargetDependency */ = {
			isa = PBXTargetDependency;
			target = 27D190962B12C9F80002F08C /* WallHaven */;
			targetProxy = 27F7047B2B348CE3003E43ED /* PBXContainerItemProxy */;
		};
		27F704962B348E66003E43ED /* PBXTargetDependency */ = {
			isa = PBXTargetDependency;
			target = 27F704832B348E64003E43ED /* WallHaven WidgetExtension */;
			targetProxy = 27F704952B348E66003E43ED /* PBXContainerItemProxy */;
		};
/* End PBXTargetDependency section */

/* Begin XCBuildConfiguration section */
		27D190A52B12C9F90002F08C /* Debug */ = {
			isa = XCBuildConfiguration;
			buildSettings = {
				ALWAYS_SEARCH_USER_PATHS = NO;
				ASSETCATALOG_COMPILER_GENERATE_SWIFT_ASSET_SYMBOL_EXTENSIONS = YES;
				CLANG_ANALYZER_NONNULL = YES;
				CLANG_ANALYZER_NUMBER_OBJECT_CONVERSION = YES_AGGRESSIVE;
				CLANG_CXX_LANGUAGE_STANDARD = "gnu++20";
				CLANG_ENABLE_MODULES = YES;
				CLANG_ENABLE_OBJC_ARC = YES;
				CLANG_ENABLE_OBJC_WEAK = YES;
				CLANG_WARN_BLOCK_CAPTURE_AUTORELEASING = YES;
				CLANG_WARN_BOOL_CONVERSION = YES;
				CLANG_WARN_COMMA = YES;
				CLANG_WARN_CONSTANT_CONVERSION = YES;
				CLANG_WARN_DEPRECATED_OBJC_IMPLEMENTATIONS = YES;
				CLANG_WARN_DIRECT_OBJC_ISA_USAGE = YES_ERROR;
				CLANG_WARN_DOCUMENTATION_COMMENTS = YES;
				CLANG_WARN_EMPTY_BODY = YES;
				CLANG_WARN_ENUM_CONVERSION = YES;
				CLANG_WARN_INFINITE_RECURSION = YES;
				CLANG_WARN_INT_CONVERSION = YES;
				CLANG_WARN_NON_LITERAL_NULL_CONVERSION = YES;
				CLANG_WARN_OBJC_IMPLICIT_RETAIN_SELF = YES;
				CLANG_WARN_OBJC_LITERAL_CONVERSION = YES;
				CLANG_WARN_OBJC_ROOT_CLASS = YES_ERROR;
				CLANG_WARN_QUOTED_INCLUDE_IN_FRAMEWORK_HEADER = YES;
				CLANG_WARN_RANGE_LOOP_ANALYSIS = YES;
				CLANG_WARN_STRICT_PROTOTYPES = YES;
				CLANG_WARN_SUSPICIOUS_MOVE = YES;
				CLANG_WARN_UNGUARDED_AVAILABILITY = YES_AGGRESSIVE;
				CLANG_WARN_UNREACHABLE_CODE = YES;
				CLANG_WARN__DUPLICATE_METHOD_MATCH = YES;
				COPY_PHASE_STRIP = NO;
				DEBUG_INFORMATION_FORMAT = dwarf;
				ENABLE_STRICT_OBJC_MSGSEND = YES;
				ENABLE_TESTABILITY = YES;
				ENABLE_USER_SCRIPT_SANDBOXING = NO;
				GCC_C_LANGUAGE_STANDARD = gnu17;
				GCC_DYNAMIC_NO_PIC = NO;
				GCC_NO_COMMON_BLOCKS = YES;
				GCC_OPTIMIZATION_LEVEL = 0;
				GCC_PREPROCESSOR_DEFINITIONS = (
					"DEBUG=1",
					"$(inherited)",
				);
				GCC_WARN_64_TO_32_BIT_CONVERSION = YES;
				GCC_WARN_ABOUT_RETURN_TYPE = YES_ERROR;
				GCC_WARN_UNDECLARED_SELECTOR = YES;
				GCC_WARN_UNINITIALIZED_AUTOS = YES_AGGRESSIVE;
				GCC_WARN_UNUSED_FUNCTION = YES;
				GCC_WARN_UNUSED_VARIABLE = YES;
				IPHONEOS_DEPLOYMENT_TARGET = 17.0;
				LOCALIZATION_PREFERS_STRING_CATALOGS = YES;
				MTL_ENABLE_DEBUG_INFO = INCLUDE_SOURCE;
				MTL_FAST_MATH = YES;
				ONLY_ACTIVE_ARCH = YES;
				SDKROOT = iphoneos;
				SWIFT_ACTIVE_COMPILATION_CONDITIONS = "DEBUG $(inherited)";
				SWIFT_OPTIMIZATION_LEVEL = "-Onone";
			};
			name = Debug;
		};
		27D190A62B12C9F90002F08C /* Release */ = {
			isa = XCBuildConfiguration;
			buildSettings = {
				ALWAYS_SEARCH_USER_PATHS = NO;
				ASSETCATALOG_COMPILER_GENERATE_SWIFT_ASSET_SYMBOL_EXTENSIONS = YES;
				CLANG_ANALYZER_NONNULL = YES;
				CLANG_ANALYZER_NUMBER_OBJECT_CONVERSION = YES_AGGRESSIVE;
				CLANG_CXX_LANGUAGE_STANDARD = "gnu++20";
				CLANG_ENABLE_MODULES = YES;
				CLANG_ENABLE_OBJC_ARC = YES;
				CLANG_ENABLE_OBJC_WEAK = YES;
				CLANG_WARN_BLOCK_CAPTURE_AUTORELEASING = YES;
				CLANG_WARN_BOOL_CONVERSION = YES;
				CLANG_WARN_COMMA = YES;
				CLANG_WARN_CONSTANT_CONVERSION = YES;
				CLANG_WARN_DEPRECATED_OBJC_IMPLEMENTATIONS = YES;
				CLANG_WARN_DIRECT_OBJC_ISA_USAGE = YES_ERROR;
				CLANG_WARN_DOCUMENTATION_COMMENTS = YES;
				CLANG_WARN_EMPTY_BODY = YES;
				CLANG_WARN_ENUM_CONVERSION = YES;
				CLANG_WARN_INFINITE_RECURSION = YES;
				CLANG_WARN_INT_CONVERSION = YES;
				CLANG_WARN_NON_LITERAL_NULL_CONVERSION = YES;
				CLANG_WARN_OBJC_IMPLICIT_RETAIN_SELF = YES;
				CLANG_WARN_OBJC_LITERAL_CONVERSION = YES;
				CLANG_WARN_OBJC_ROOT_CLASS = YES_ERROR;
				CLANG_WARN_QUOTED_INCLUDE_IN_FRAMEWORK_HEADER = YES;
				CLANG_WARN_RANGE_LOOP_ANALYSIS = YES;
				CLANG_WARN_STRICT_PROTOTYPES = YES;
				CLANG_WARN_SUSPICIOUS_MOVE = YES;
				CLANG_WARN_UNGUARDED_AVAILABILITY = YES_AGGRESSIVE;
				CLANG_WARN_UNREACHABLE_CODE = YES;
				CLANG_WARN__DUPLICATE_METHOD_MATCH = YES;
				COPY_PHASE_STRIP = NO;
				DEBUG_INFORMATION_FORMAT = "dwarf-with-dsym";
				ENABLE_NS_ASSERTIONS = NO;
				ENABLE_STRICT_OBJC_MSGSEND = YES;
				ENABLE_USER_SCRIPT_SANDBOXING = NO;
				GCC_C_LANGUAGE_STANDARD = gnu17;
				GCC_NO_COMMON_BLOCKS = YES;
				GCC_WARN_64_TO_32_BIT_CONVERSION = YES;
				GCC_WARN_ABOUT_RETURN_TYPE = YES_ERROR;
				GCC_WARN_UNDECLARED_SELECTOR = YES;
				GCC_WARN_UNINITIALIZED_AUTOS = YES_AGGRESSIVE;
				GCC_WARN_UNUSED_FUNCTION = YES;
				GCC_WARN_UNUSED_VARIABLE = YES;
				IPHONEOS_DEPLOYMENT_TARGET = 17.0;
				LOCALIZATION_PREFERS_STRING_CATALOGS = YES;
				MTL_ENABLE_DEBUG_INFO = NO;
				MTL_FAST_MATH = YES;
				SDKROOT = iphoneos;
				SWIFT_COMPILATION_MODE = wholemodule;
				VALIDATE_PRODUCT = YES;
			};
			name = Release;
		};
		27D190A82B12C9F90002F08C /* Debug */ = {
			isa = XCBuildConfiguration;
			buildSettings = {
				ALWAYS_EMBED_SWIFT_STANDARD_LIBRARIES = YES;
				ASSETCATALOG_COMPILER_APPICON_NAME = AppIcon;
				ASSETCATALOG_COMPILER_GLOBAL_ACCENT_COLOR_NAME = AccentColor;
				CODE_SIGN_STYLE = Automatic;
				CURRENT_PROJECT_VERSION = 1;
				DEVELOPMENT_ASSET_PATHS = "\"WallHaven/Preview Content\"";
				DEVELOPMENT_TEAM = HG79K3YA5K;
				ENABLE_PREVIEWS = YES;
				GENERATE_INFOPLIST_FILE = YES;
				INFOPLIST_KEY_NSFaceIDUsageDescription = "Save an API key for WallHaven";
				INFOPLIST_KEY_NSPhotoLibraryAddUsageDescription = "Save wallpapers to your photo library";
				INFOPLIST_KEY_NSPhotoLibraryUsageDescription = "Save wallpapers to your photo library";
				INFOPLIST_KEY_UIApplicationSceneManifest_Generation = YES;
				INFOPLIST_KEY_UIApplicationSupportsIndirectInputEvents = YES;
				INFOPLIST_KEY_UILaunchScreen_Generation = YES;
				INFOPLIST_KEY_UISupportedInterfaceOrientations_iPad = "UIInterfaceOrientationPortrait UIInterfaceOrientationPortraitUpsideDown UIInterfaceOrientationLandscapeLeft UIInterfaceOrientationLandscapeRight";
				INFOPLIST_KEY_UISupportedInterfaceOrientations_iPhone = "UIInterfaceOrientationPortrait UIInterfaceOrientationLandscapeLeft UIInterfaceOrientationLandscapeRight";
				LD_RUNPATH_SEARCH_PATHS = (
					"$(inherited)",
					"@executable_path/Frameworks",
				);
				MARKETING_VERSION = 1.0;
				PRODUCT_BUNDLE_IDENTIFIER = com.raeeinbagheri.WallHaven;
				PRODUCT_NAME = "$(TARGET_NAME)";
				SWIFT_EMIT_LOC_STRINGS = YES;
				SWIFT_VERSION = 5.0;
				TARGETED_DEVICE_FAMILY = "1,2";
			};
			name = Debug;
		};
		27D190A92B12C9F90002F08C /* Release */ = {
			isa = XCBuildConfiguration;
			buildSettings = {
				ALWAYS_EMBED_SWIFT_STANDARD_LIBRARIES = YES;
				ASSETCATALOG_COMPILER_APPICON_NAME = AppIcon;
				ASSETCATALOG_COMPILER_GLOBAL_ACCENT_COLOR_NAME = AccentColor;
				CODE_SIGN_STYLE = Automatic;
				CURRENT_PROJECT_VERSION = 1;
				DEVELOPMENT_ASSET_PATHS = "\"WallHaven/Preview Content\"";
				DEVELOPMENT_TEAM = HG79K3YA5K;
				ENABLE_PREVIEWS = YES;
				GENERATE_INFOPLIST_FILE = YES;
				INFOPLIST_KEY_NSFaceIDUsageDescription = "Save an API key for WallHaven";
				INFOPLIST_KEY_NSPhotoLibraryAddUsageDescription = "Save wallpapers to your photo library";
				INFOPLIST_KEY_NSPhotoLibraryUsageDescription = "Save wallpapers to your photo library";
				INFOPLIST_KEY_UIApplicationSceneManifest_Generation = YES;
				INFOPLIST_KEY_UIApplicationSupportsIndirectInputEvents = YES;
				INFOPLIST_KEY_UILaunchScreen_Generation = YES;
				INFOPLIST_KEY_UISupportedInterfaceOrientations_iPad = "UIInterfaceOrientationPortrait UIInterfaceOrientationPortraitUpsideDown UIInterfaceOrientationLandscapeLeft UIInterfaceOrientationLandscapeRight";
				INFOPLIST_KEY_UISupportedInterfaceOrientations_iPhone = "UIInterfaceOrientationPortrait UIInterfaceOrientationLandscapeLeft UIInterfaceOrientationLandscapeRight";
				LD_RUNPATH_SEARCH_PATHS = (
					"$(inherited)",
					"@executable_path/Frameworks",
				);
				MARKETING_VERSION = 1.0;
				PRODUCT_BUNDLE_IDENTIFIER = com.raeeinbagheri.WallHaven;
				PRODUCT_NAME = "$(TARGET_NAME)";
				SWIFT_EMIT_LOC_STRINGS = YES;
				SWIFT_VERSION = 5.0;
				TARGETED_DEVICE_FAMILY = "1,2";
			};
			name = Release;
		};
		27F7047E2B348CE3003E43ED /* Debug */ = {
			isa = XCBuildConfiguration;
			buildSettings = {
				BUNDLE_LOADER = "$(TEST_HOST)";
				CODE_SIGN_STYLE = Automatic;
				CURRENT_PROJECT_VERSION = 1;
				DEVELOPMENT_TEAM = HG79K3YA5K;
				ENABLE_USER_SCRIPT_SANDBOXING = YES;
				GENERATE_INFOPLIST_FILE = YES;
				IPHONEOS_DEPLOYMENT_TARGET = 17.2;
				MARKETING_VERSION = 1.0;
				PRODUCT_BUNDLE_IDENTIFIER = com.raeeinbagheri.WallHavenTests;
				PRODUCT_NAME = "$(TARGET_NAME)";
				SWIFT_EMIT_LOC_STRINGS = NO;
				SWIFT_VERSION = 5.0;
				TARGETED_DEVICE_FAMILY = "1,2";
				TEST_HOST = "$(BUILT_PRODUCTS_DIR)/WallHaven.app/$(BUNDLE_EXECUTABLE_FOLDER_PATH)/WallHaven";
			};
			name = Debug;
		};
		27F7047F2B348CE3003E43ED /* Release */ = {
			isa = XCBuildConfiguration;
			buildSettings = {
				BUNDLE_LOADER = "$(TEST_HOST)";
				CODE_SIGN_STYLE = Automatic;
				CURRENT_PROJECT_VERSION = 1;
				DEVELOPMENT_TEAM = HG79K3YA5K;
				ENABLE_USER_SCRIPT_SANDBOXING = YES;
				GENERATE_INFOPLIST_FILE = YES;
				IPHONEOS_DEPLOYMENT_TARGET = 17.2;
				MARKETING_VERSION = 1.0;
				PRODUCT_BUNDLE_IDENTIFIER = com.raeeinbagheri.WallHavenTests;
				PRODUCT_NAME = "$(TARGET_NAME)";
				SWIFT_EMIT_LOC_STRINGS = NO;
				SWIFT_VERSION = 5.0;
				TARGETED_DEVICE_FAMILY = "1,2";
				TEST_HOST = "$(BUILT_PRODUCTS_DIR)/WallHaven.app/$(BUNDLE_EXECUTABLE_FOLDER_PATH)/WallHaven";
			};
			name = Release;
		};
		27F704992B348E66003E43ED /* Debug */ = {
			isa = XCBuildConfiguration;
			buildSettings = {
				ASSETCATALOG_COMPILER_GLOBAL_ACCENT_COLOR_NAME = AccentColor;
				ASSETCATALOG_COMPILER_WIDGET_BACKGROUND_COLOR_NAME = WidgetBackground;
				CODE_SIGN_STYLE = Automatic;
				CURRENT_PROJECT_VERSION = 1;
				DEVELOPMENT_TEAM = HG79K3YA5K;
				ENABLE_USER_SCRIPT_SANDBOXING = YES;
				GENERATE_INFOPLIST_FILE = YES;
				INFOPLIST_FILE = "WallHaven Widget/Info.plist";
				INFOPLIST_KEY_CFBundleDisplayName = "WallHaven Widget";
				INFOPLIST_KEY_NSHumanReadableCopyright = "";
				IPHONEOS_DEPLOYMENT_TARGET = 17.2;
				LD_RUNPATH_SEARCH_PATHS = (
					"$(inherited)",
					"@executable_path/Frameworks",
					"@executable_path/../../Frameworks",
				);
				MARKETING_VERSION = 1.0;
				PRODUCT_BUNDLE_IDENTIFIER = "com.raeeinbagheri.WallHaven.WallHaven-Widget";
				PRODUCT_NAME = "$(TARGET_NAME)";
				SKIP_INSTALL = YES;
				SWIFT_EMIT_LOC_STRINGS = YES;
				SWIFT_VERSION = 5.0;
				TARGETED_DEVICE_FAMILY = "1,2";
			};
			name = Debug;
		};
		27F7049A2B348E66003E43ED /* Release */ = {
			isa = XCBuildConfiguration;
			buildSettings = {
				ASSETCATALOG_COMPILER_GLOBAL_ACCENT_COLOR_NAME = AccentColor;
				ASSETCATALOG_COMPILER_WIDGET_BACKGROUND_COLOR_NAME = WidgetBackground;
				CODE_SIGN_STYLE = Automatic;
				CURRENT_PROJECT_VERSION = 1;
				DEVELOPMENT_TEAM = HG79K3YA5K;
				ENABLE_USER_SCRIPT_SANDBOXING = YES;
				GENERATE_INFOPLIST_FILE = YES;
				INFOPLIST_FILE = "WallHaven Widget/Info.plist";
				INFOPLIST_KEY_CFBundleDisplayName = "WallHaven Widget";
				INFOPLIST_KEY_NSHumanReadableCopyright = "";
				IPHONEOS_DEPLOYMENT_TARGET = 17.2;
				LD_RUNPATH_SEARCH_PATHS = (
					"$(inherited)",
					"@executable_path/Frameworks",
					"@executable_path/../../Frameworks",
				);
				MARKETING_VERSION = 1.0;
				PRODUCT_BUNDLE_IDENTIFIER = "com.raeeinbagheri.WallHaven.WallHaven-Widget";
				PRODUCT_NAME = "$(TARGET_NAME)";
				SKIP_INSTALL = YES;
				SWIFT_EMIT_LOC_STRINGS = YES;
				SWIFT_VERSION = 5.0;
				TARGETED_DEVICE_FAMILY = "1,2";
			};
			name = Release;
		};
/* End XCBuildConfiguration section */

/* Begin XCConfigurationList section */
		27D190922B12C9F80002F08C /* Build configuration list for PBXProject "WallHaven" */ = {
			isa = XCConfigurationList;
			buildConfigurations = (
				27D190A52B12C9F90002F08C /* Debug */,
				27D190A62B12C9F90002F08C /* Release */,
			);
			defaultConfigurationIsVisible = 0;
			defaultConfigurationName = Release;
		};
		27D190A72B12C9F90002F08C /* Build configuration list for PBXNativeTarget "WallHaven" */ = {
			isa = XCConfigurationList;
			buildConfigurations = (
				27D190A82B12C9F90002F08C /* Debug */,
				27D190A92B12C9F90002F08C /* Release */,
			);
			defaultConfigurationIsVisible = 0;
			defaultConfigurationName = Release;
		};
		27F7047D2B348CE3003E43ED /* Build configuration list for PBXNativeTarget "WallHavenTests" */ = {
			isa = XCConfigurationList;
			buildConfigurations = (
				27F7047E2B348CE3003E43ED /* Debug */,
				27F7047F2B348CE3003E43ED /* Release */,
			);
			defaultConfigurationIsVisible = 0;
			defaultConfigurationName = Release;
		};
		27F704982B348E66003E43ED /* Build configuration list for PBXNativeTarget "WallHaven WidgetExtension" */ = {
			isa = XCConfigurationList;
			buildConfigurations = (
				27F704992B348E66003E43ED /* Debug */,
				27F7049A2B348E66003E43ED /* Release */,
			);
			defaultConfigurationIsVisible = 0;
			defaultConfigurationName = Release;
		};
/* End XCConfigurationList section */

/* Begin XCRemoteSwiftPackageReference section */
		27071FFD2B2B7E71004FDA06 /* XCRemoteSwiftPackageReference "lottie-ios" */ = {
			isa = XCRemoteSwiftPackageReference;
			repositoryURL = "https://github.com/airbnb/lottie-ios";
			requirement = {
				kind = upToNextMajorVersion;
				minimumVersion = 4.3.4;
			};
		};
		27DF44072B200E3000361BBC /* XCRemoteSwiftPackageReference "KeychainAccess" */ = {
			isa = XCRemoteSwiftPackageReference;
			repositoryURL = "https://github.com/kishikawakatsumi/KeychainAccess";
			requirement = {
				branch = master;
				kind = branch;
			};
		};
/* End XCRemoteSwiftPackageReference section */

/* Begin XCSwiftPackageProductDependency section */
		27071FFE2B2B7E71004FDA06 /* Lottie */ = {
			isa = XCSwiftPackageProductDependency;
			package = 27071FFD2B2B7E71004FDA06 /* XCRemoteSwiftPackageReference "lottie-ios" */;
			productName = Lottie;
		};
		27DF44082B200E3000361BBC /* KeychainAccess */ = {
			isa = XCSwiftPackageProductDependency;
			package = 27DF44072B200E3000361BBC /* XCRemoteSwiftPackageReference "KeychainAccess" */;
			productName = KeychainAccess;
		};
/* End XCSwiftPackageProductDependency section */
	};
	rootObject = 27D1908F2B12C9F80002F08C /* Project object */;
}
